
Microsoft Visual Studio Solution File, Format Version 12.00
# Visual Studio 15
VisualStudioVersion = 15.0.28307.421
MinimumVisualStudioVersion = 10.0.40219.1
Project("{9A19103F-16F7-4668-BE54-9A1E7A4F7556}") = "VideoGameOrderSystem.Library", "VideoGameOrderSystem.Library\VideoGameOrderSystem.Library.csproj", "{986FD411-35E6-4AFC-A451-1E407950A545}"
EndProject
Project("{9A19103F-16F7-4668-BE54-9A1E7A4F7556}") = "VideoGameOrderSystem.Test", "VideoGameOrderSystem.Test\VideoGameOrderSystem.Test.csproj", "{7816BBF9-BCF7-47C5-9731-530BF6D80D2B}"
EndProject
Project("{9A19103F-16F7-4668-BE54-9A1E7A4F7556}") = "VideoGameOrderSystem.DataAccess", "VideoGameOrderSystem.DataAccess\VideoGameOrderSystem.DataAccess.csproj", "{9B50876E-ED4E-4BB8-94A8-1B76141B41DD}"
EndProject
Project("{FAE04EC0-301F-11D3-BF4B-00C04F79EFBC}") = "VideoGameOrderSystem.App", "VideoGameOrderSystem.App\VideoGameOrderSystem.App.csproj", "{10BD1EDF-AF75-4CEC-9330-817DB7654D63}"
EndProject
Global
	GlobalSection(SolutionConfigurationPlatforms) = preSolution
		Debug|Any CPU = Debug|Any CPU
		Release|Any CPU = Release|Any CPU
	EndGlobalSection
	GlobalSection(ProjectConfigurationPlatforms) = postSolution
		{986FD411-35E6-4AFC-A451-1E407950A545}.Debug|Any CPU.ActiveCfg = Debug|Any CPU
		{986FD411-35E6-4AFC-A451-1E407950A545}.Debug|Any CPU.Build.0 = Debug|Any CPU
		{986FD411-35E6-4AFC-A451-1E407950A545}.Release|Any CPU.ActiveCfg = Release|Any CPU
		{986FD411-35E6-4AFC-A451-1E407950A545}.Release|Any CPU.Build.0 = Release|Any CPU
		{7816BBF9-BCF7-47C5-9731-530BF6D80D2B}.Debug|Any CPU.ActiveCfg = Debug|Any CPU
		{7816BBF9-BCF7-47C5-9731-530BF6D80D2B}.Debug|Any CPU.Build.0 = Debug|Any CPU
		{7816BBF9-BCF7-47C5-9731-530BF6D80D2B}.Release|Any CPU.ActiveCfg = Release|Any CPU
		{7816BBF9-BCF7-47C5-9731-530BF6D80D2B}.Release|Any CPU.Build.0 = Release|Any CPU
		{9B50876E-ED4E-4BB8-94A8-1B76141B41DD}.Debug|Any CPU.ActiveCfg = Debug|Any CPU
		{9B50876E-ED4E-4BB8-94A8-1B76141B41DD}.Debug|Any CPU.Build.0 = Debug|Any CPU
		{9B50876E-ED4E-4BB8-94A8-1B76141B41DD}.Release|Any CPU.ActiveCfg = Release|Any CPU
		{9B50876E-ED4E-4BB8-94A8-1B76141B41DD}.Release|Any CPU.Build.0 = Release|Any CPU
		{10BD1EDF-AF75-4CEC-9330-817DB7654D63}.Debug|Any CPU.ActiveCfg = Debug|Any CPU
		{10BD1EDF-AF75-4CEC-9330-817DB7654D63}.Debug|Any CPU.Build.0 = Debug|Any CPU
		{10BD1EDF-AF75-4CEC-9330-817DB7654D63}.Release|Any CPU.ActiveCfg = Release|Any CPU
		{10BD1EDF-AF75-4CEC-9330-817DB7654D63}.Release|Any CPU.Build.0 = Release|Any CPU
	EndGlobalSection
	GlobalSection(SolutionProperties) = preSolution
		HideSolutionNode = FALSE
	EndGlobalSection
	GlobalSection(ExtensibilityGlobals) = postSolution
		SolutionGuid = {A6561FB0-21AF-4958-8EA0-2C2F5931F7E3}
	EndGlobalSection
EndGlobal
